
Microsoft Visual Studio Solution File, Format Version 12.00
Project("{FAE04EC0-301F-11D3-BF4B-00C04F79EFBC}") = "WebcamOverlay", "WebcamOverlay\WebcamOverlay.csproj", "{BF85831E-56C0-4D3F-A52A-FD1BA61E6D09}"
EndProject
Global
	GlobalSection(SolutionConfigurationPlatforms) = preSolution
		Debug|Any CPU = Debug|Any CPU
		Release|Any CPU = Release|Any CPU
	EndGlobalSection
	GlobalSection(ProjectConfigurationPlatforms) = postSolution
		{BF85831E-56C0-4D3F-A52A-FD1BA61E6D09}.Debug|Any CPU.ActiveCfg = Debug|Any CPU
		{BF85831E-56C0-4D3F-A52A-FD1BA61E6D09}.Debug|Any CPU.Build.0 = Debug|Any CPU
		{BF85831E-56C0-4D3F-A52A-FD1BA61E6D09}.Release|Any CPU.ActiveCfg = Release|Any CPU
		{BF85831E-56C0-4D3F-A52A-FD1BA61E6D09}.Release|Any CPU.Build.0 = Release|Any CPU
	EndGlobalSection
EndGlobal
